
Microsoft Visual Studio Solution File, Format Version 12.00
# Visual Studio Version 17
VisualStudioVersion = 17.5.002.0
MinimumVisualStudioVersion = 10.0.40219.1
Project("{9A19103F-16F7-4668-BE54-9A1E7A4F7556}") = "StringManipulationTest.cs", "StringManipulationTest.cs.csproj", "{442C734B-48D9-4B83-8902-85AFFF768315}"
EndProject
Global
	GlobalSection(SolutionConfigurationPlatforms) = preSolution
		Debug|Any CPU = Debug|Any CPU
		Release|Any CPU = Release|Any CPU
	EndGlobalSection
	GlobalSection(ProjectConfigurationPlatforms) = postSolution
		{442C734B-48D9-4B83-8902-85AFFF768315}.Debug|Any CPU.ActiveCfg = Debug|Any CPU
		{442C734B-48D9-4B83-8902-85AFFF768315}.Debug|Any CPU.Build.0 = Debug|Any CPU
		{442C734B-48D9-4B83-8902-85AFFF768315}.Release|Any CPU.ActiveCfg = Release|Any CPU
		{442C734B-48D9-4B83-8902-85AFFF768315}.Release|Any CPU.Build.0 = Release|Any CPU
	EndGlobalSection
	GlobalSection(SolutionProperties) = preSolution
		HideSolutionNode = FALSE
	EndGlobalSection
	GlobalSection(ExtensibilityGlobals) = postSolution
		SolutionGuid = {341044FC-16B7-4E8A-8EA3-F1140B4F0B25}
	EndGlobalSection
EndGlobal
